{
  "nodes": {
    "devshell": {
      "inputs": {
        "nixpkgs": "nixpkgs"
      },
      "locked": {
        "lastModified": 1741473158,
        "narHash": "sha256-kWNaq6wQUbUMlPgw8Y+9/9wP0F8SHkjy24/mN3UAppg=",
        "owner": "numtide",
        "repo": "devshell",
        "rev": "7c9e793ebe66bcba8292989a68c0419b737a22a0",
        "type": "github"
      },
      "original": {
        "owner": "numtide",
        "repo": "devshell",
        "type": "github"
      }
    },
    "flake-parts": {
      "inputs": {
        "nixpkgs-lib": "nixpkgs-lib"
      },
      "locked": {
<<<<<<< HEAD
        "lastModified": 1741352980,
        "narHash": "sha256-+u2UunDA4Cl5Fci3m7S643HzKmIDAe+fiXrLqYsR2fs=",
||||||| 9b06748
        "lastModified": 1738453229,
        "narHash": "sha256-7H9XgNiGLKN1G1CgRh0vUL4AheZSYzPm+zmZ7vxbJdo=",
=======
        "lastModified": 1743550720,
        "narHash": "sha256-hIshGgKZCgWh6AYJpJmRgFdR3WUbkY04o82X05xqQiY=",
>>>>>>> upstream/0.11
        "owner": "hercules-ci",
        "repo": "flake-parts",
<<<<<<< HEAD
        "rev": "f4330d22f1c5d2ba72d3d22df5597d123fdb60a9",
||||||| 9b06748
        "rev": "32ea77a06711b758da0ad9bd6a844c5740a87abd",
=======
        "rev": "c621e8422220273271f52058f618c94e405bb0f5",
>>>>>>> upstream/0.11
        "type": "github"
      },
      "original": {
        "owner": "hercules-ci",
        "repo": "flake-parts",
        "type": "github"
      }
    },
    "home-manager": {
      "inputs": {
        "nixpkgs": [
          "nixpkgs"
        ]
      },
      "locked": {
<<<<<<< HEAD
<<<<<<< HEAD
        "lastModified": 1743438213,
        "narHash": "sha256-ZZDN+0v1r4I1xkQWlt8euOJv5S4EvElUCZMrDjTCEsY=",
||||||| 9b06748
        "lastModified": 1740796616,
        "narHash": "sha256-JU97wIfRxeFN6rpTsUVCwWAdix+Wka4Or23907YIrFI=",
=======
        "lastModified": 1746040799,
        "narHash": "sha256-osgPX/SzIpkR50vev/rqoTEAVkEcOWXoQXmbzsaI4KU=",
>>>>>>> upstream/0.11
||||||| bedcc7f
        "lastModified": 1746040799,
        "narHash": "sha256-osgPX/SzIpkR50vev/rqoTEAVkEcOWXoQXmbzsaI4KU=",
=======
        "lastModified": 1748737919,
        "narHash": "sha256-5kvBbLYdp+n7Ftanjcs6Nv+UO6sBhelp6MIGJ9nWmjQ=",
>>>>>>> upstream/0.11
        "owner": "nix-community",
        "repo": "home-manager",
<<<<<<< HEAD
<<<<<<< HEAD
        "rev": "ccd7df836e1f42ea84806760f25b77b586370259",
||||||| 9b06748
        "rev": "f0b5e7e8a75abdea32bbff09ddd7b6eeb4b9b445",
=======
        "rev": "5f217e5a319f6c186283b530f8c975e66c028433",
>>>>>>> upstream/0.11
||||||| bedcc7f
        "rev": "5f217e5a319f6c186283b530f8c975e66c028433",
=======
        "rev": "5675a9686851d9626560052a032c4e14e533c1fa",
>>>>>>> upstream/0.11
        "type": "github"
      },
      "original": {
        "owner": "nix-community",
        "repo": "home-manager",
        "type": "github"
      }
    },
    "nixpkgs": {
      "locked": {
        "lastModified": 1722073938,
        "narHash": "sha256-OpX0StkL8vpXyWOGUD6G+MA26wAXK6SpT94kLJXo6B4=",
        "owner": "NixOS",
        "repo": "nixpkgs",
        "rev": "e36e9f57337d0ff0cf77aceb58af4c805472bfae",
        "type": "github"
      },
      "original": {
        "owner": "NixOS",
        "ref": "nixpkgs-unstable",
        "repo": "nixpkgs",
        "type": "github"
      }
    },
    "nixpkgs-lib": {
      "locked": {
<<<<<<< HEAD
        "lastModified": 1740877520,
        "narHash": "sha256-oiwv/ZK/2FhGxrCkQkB83i7GnWXPPLzoqFHpDD3uYpk=",
        "owner": "nix-community",
        "repo": "nixpkgs.lib",
        "rev": "147dee35aab2193b174e4c0868bd80ead5ce755c",
        "type": "github"
||||||| 9b06748
        "lastModified": 1738452942,
        "narHash": "sha256-vJzFZGaCpnmo7I6i416HaBLpC+hvcURh/BQwROcGIp8=",
        "type": "tarball",
        "url": "https://github.com/NixOS/nixpkgs/archive/072a6db25e947df2f31aab9eccd0ab75d5b2da11.tar.gz"
=======
        "lastModified": 1743296961,
        "narHash": "sha256-b1EdN3cULCqtorQ4QeWgLMrd5ZGOjLSLemfa00heasc=",
        "owner": "nix-community",
        "repo": "nixpkgs.lib",
        "rev": "e4822aea2a6d1cdd36653c134cacfd64c97ff4fa",
        "type": "github"
>>>>>>> upstream/0.11
      },
      "original": {
        "owner": "nix-community",
        "repo": "nixpkgs.lib",
        "type": "github"
      }
    },
    "nixpkgs_2": {
      "locked": {
<<<<<<< HEAD
<<<<<<< HEAD
        "lastModified": 1743320628,
        "narHash": "sha256-FurMxmjEEqEMld11eX2vgfAx0Rz0JhoFm8UgxbfCZa8=",
||||||| 9b06748
        "lastModified": 1740547748,
        "narHash": "sha256-Ly2fBL1LscV+KyCqPRufUBuiw+zmWrlJzpWOWbahplg=",
=======
        "lastModified": 1745998881,
        "narHash": "sha256-vonyYAKJSlsX4n9GCsS0pHxR6yCrfqBIuGvANlkwG6U=",
>>>>>>> upstream/0.11
||||||| bedcc7f
        "lastModified": 1745998881,
        "narHash": "sha256-vonyYAKJSlsX4n9GCsS0pHxR6yCrfqBIuGvANlkwG6U=",
=======
        "lastModified": 1748662220,
        "narHash": "sha256-7gGa49iB9nCnFk4h/g9zwjlQAyjtpgcFkODjcOQS0Es=",
>>>>>>> upstream/0.11
        "owner": "nixos",
        "repo": "nixpkgs",
<<<<<<< HEAD
<<<<<<< HEAD
        "rev": "63158b9cbb6ec93d26255871c447b0f01da81619",
||||||| 9b06748
        "rev": "3a05eebede89661660945da1f151959900903b6a",
=======
        "rev": "423d2df5b04b4ee7688c3d71396e872afa236a89",
>>>>>>> upstream/0.11
||||||| bedcc7f
        "rev": "423d2df5b04b4ee7688c3d71396e872afa236a89",
=======
        "rev": "59138c7667b7970d205d6a05a8bfa2d78caa3643",
>>>>>>> upstream/0.11
        "type": "github"
      },
      "original": {
        "owner": "nixos",
        "ref": "nixpkgs-unstable",
        "repo": "nixpkgs",
        "type": "github"
      }
    },
    "root": {
      "inputs": {
        "devshell": "devshell",
        "flake-parts": "flake-parts",
        "home-manager": "home-manager",
        "nixpkgs": "nixpkgs_2"
      }
    }
  },
  "root": "root",
  "version": 7
}
